
Microsoft Visual Studio Solution File, Format Version 12.00
# Visual Studio Version 16
VisualStudioVersion = 16.0.29001.49
MinimumVisualStudioVersion = 10.0.40219.1
Project("{FAE04EC0-301F-11D3-BF4B-00C04F79EFBC}") = "CodingClassApp1", "CodingClassApp1\CodingClassApp1.csproj", "{B5E1F450-B2C5-4FAD-AC4C-A3696C404712}"
EndProject
Global
	GlobalSection(SolutionConfigurationPlatforms) = preSolution
		Debug|Any CPU = Debug|Any CPU
		Release|Any CPU = Release|Any CPU
	EndGlobalSection
	GlobalSection(ProjectConfigurationPlatforms) = postSolution
		{B5E1F450-B2C5-4FAD-AC4C-A3696C404712}.Debug|Any CPU.ActiveCfg = Debug|Any CPU
		{B5E1F450-B2C5-4FAD-AC4C-A3696C404712}.Debug|Any CPU.Build.0 = Debug|Any CPU
		{B5E1F450-B2C5-4FAD-AC4C-A3696C404712}.Release|Any CPU.ActiveCfg = Release|Any CPU
		{B5E1F450-B2C5-4FAD-AC4C-A3696C404712}.Release|Any CPU.Build.0 = Release|Any CPU
	EndGlobalSection
	GlobalSection(SolutionProperties) = preSolution
		HideSolutionNode = FALSE
	EndGlobalSection
	GlobalSection(ExtensibilityGlobals) = postSolution
		SolutionGuid = {440435EC-73F7-42BE-AD11-4F8332229457}
	EndGlobalSection
EndGlobal
